
Microsoft Visual Studio Solution File, Format Version 12.00
# Visual Studio Version 16
VisualStudioVersion = 16.0.30611.23
MinimumVisualStudioVersion = 10.0.40219.1
Project("{FAE04EC0-301F-11D3-BF4B-00C04F79EFBC}") = "Odev2_Soru2", "Odev2_Soru2\Odev2_Soru2.csproj", "{4A883E88-5B13-4C74-B585-355531E2BE52}"
EndProject
Global
	GlobalSection(SolutionConfigurationPlatforms) = preSolution
		Debug|Any CPU = Debug|Any CPU
		Release|Any CPU = Release|Any CPU
	EndGlobalSection
	GlobalSection(ProjectConfigurationPlatforms) = postSolution
		{4A883E88-5B13-4C74-B585-355531E2BE52}.Debug|Any CPU.ActiveCfg = Debug|Any CPU
		{4A883E88-5B13-4C74-B585-355531E2BE52}.Debug|Any CPU.Build.0 = Debug|Any CPU
		{4A883E88-5B13-4C74-B585-355531E2BE52}.Release|Any CPU.ActiveCfg = Release|Any CPU
		{4A883E88-5B13-4C74-B585-355531E2BE52}.Release|Any CPU.Build.0 = Release|Any CPU
	EndGlobalSection
	GlobalSection(SolutionProperties) = preSolution
		HideSolutionNode = FALSE
	EndGlobalSection
	GlobalSection(ExtensibilityGlobals) = postSolution
		SolutionGuid = {FE89AA02-9242-4688-9077-1BB4B20E32C5}
	EndGlobalSection
EndGlobal
